
Microsoft Visual Studio Solution File, Format Version 12.00
# Visual Studio Version 16
VisualStudioVersion = 16.0.30114.105
MinimumVisualStudioVersion = 10.0.40219.1
Project("{FAE04EC0-301F-11D3-BF4B-00C04F79EFBC}") = "Semestrovka", "Semestrovka\Semestrovka.csproj", "{042C5CB2-CF37-4923-96DB-8FCD60953F5C}"
EndProject
Global
	GlobalSection(SolutionConfigurationPlatforms) = preSolution
		Debug|Any CPU = Debug|Any CPU
		Release|Any CPU = Release|Any CPU
	EndGlobalSection
	GlobalSection(ProjectConfigurationPlatforms) = postSolution
		{042C5CB2-CF37-4923-96DB-8FCD60953F5C}.Debug|Any CPU.ActiveCfg = Debug|Any CPU
		{042C5CB2-CF37-4923-96DB-8FCD60953F5C}.Debug|Any CPU.Build.0 = Debug|Any CPU
		{042C5CB2-CF37-4923-96DB-8FCD60953F5C}.Release|Any CPU.ActiveCfg = Release|Any CPU
		{042C5CB2-CF37-4923-96DB-8FCD60953F5C}.Release|Any CPU.Build.0 = Release|Any CPU
	EndGlobalSection
	GlobalSection(SolutionProperties) = preSolution
		HideSolutionNode = FALSE
	EndGlobalSection
	GlobalSection(ExtensibilityGlobals) = postSolution
		SolutionGuid = {8F7E6BBC-8D84-42CA-8ADE-1AB6A64FE1E9}
	EndGlobalSection
EndGlobal
